
Microsoft Visual Studio Solution File, Format Version 12.00
Project("{FAE04EC0-301F-11D3-BF4B-00C04F79EFBC}") = "PollyWaitAndRetryConsole", "PollyWaitAndRetryConsole.csproj", "{CC1F0164-16A9-4B72-866B-3FE0194B94B9}"
EndProject
Global
	GlobalSection(SolutionConfigurationPlatforms) = preSolution
		Debug|Any CPU = Debug|Any CPU
		Release|Any CPU = Release|Any CPU
	EndGlobalSection
	GlobalSection(ProjectConfigurationPlatforms) = postSolution
		{CC1F0164-16A9-4B72-866B-3FE0194B94B9}.Debug|Any CPU.ActiveCfg = Debug|Any CPU
		{CC1F0164-16A9-4B72-866B-3FE0194B94B9}.Debug|Any CPU.Build.0 = Debug|Any CPU
		{CC1F0164-16A9-4B72-866B-3FE0194B94B9}.Release|Any CPU.ActiveCfg = Release|Any CPU
		{CC1F0164-16A9-4B72-866B-3FE0194B94B9}.Release|Any CPU.Build.0 = Release|Any CPU
	EndGlobalSection
EndGlobal
